# This file is automatically @generated by Poetry 1.8.4 and should not be changed by hand.

[[package]]
name = "py-disruptor"
version = "0.0.1"
description = "Python Disruptor-Lite implementation"
optional = false
python-versions = "*"
files = []
develop = false

[package.source]
type = "git"
url = "git@github.com:pulsepointinc/py-disruptor.git"
reference = "HEAD"
resolved_reference = "5153dc4b90464371ee195f82b9d2915ac92cf1e1"

[metadata]
lock-version = "2.0"
python-versions = "^3.13"
content-hash = "ed6d16aca87db6239a1713a8bc0f289c680469c5a6e18a2e1e0f4c615eb3eb77"
